
Microsoft Visual Studio Solution File, Format Version 12.00
# Visual Studio Version 16
VisualStudioVersion = 16.0.32929.386
MinimumVisualStudioVersion = 10.0.40219.1
Project("{FAE04EC0-301F-11D3-BF4B-00C04F79EFBC}") = "SalesWebMVC", "SalesWebMVC\SalesWebMVC.csproj", "{F936DD5D-DB17-4A17-B5EE-FC4145B64744}"
EndProject
Global
	GlobalSection(SolutionConfigurationPlatforms) = preSolution
		Debug|Any CPU = Debug|Any CPU
		Release|Any CPU = Release|Any CPU
	EndGlobalSection
	GlobalSection(ProjectConfigurationPlatforms) = postSolution
		{F936DD5D-DB17-4A17-B5EE-FC4145B64744}.Debug|Any CPU.ActiveCfg = Debug|Any CPU
		{F936DD5D-DB17-4A17-B5EE-FC4145B64744}.Debug|Any CPU.Build.0 = Debug|Any CPU
		{F936DD5D-DB17-4A17-B5EE-FC4145B64744}.Release|Any CPU.ActiveCfg = Release|Any CPU
		{F936DD5D-DB17-4A17-B5EE-FC4145B64744}.Release|Any CPU.Build.0 = Release|Any CPU
	EndGlobalSection
	GlobalSection(SolutionProperties) = preSolution
		HideSolutionNode = FALSE
	EndGlobalSection
	GlobalSection(ExtensibilityGlobals) = postSolution
		SolutionGuid = {1E3BF44C-FDCF-4AC6-9DCA-0C4B75534F05}
	EndGlobalSection
EndGlobal
